
Microsoft Visual Studio Solution File, Format Version 12.00
Project("{FAE04EC0-301F-11D3-BF4B-00C04F79EFBC}") = "Program", "Program\Program.csproj", "{005169F1-A380-459A-B737-6520CE79BA58}"
EndProject
Global
	GlobalSection(SolutionConfigurationPlatforms) = preSolution
		Debug|Any CPU = Debug|Any CPU
		Release|Any CPU = Release|Any CPU
	EndGlobalSection
	GlobalSection(ProjectConfigurationPlatforms) = postSolution
		{005169F1-A380-459A-B737-6520CE79BA58}.Debug|Any CPU.ActiveCfg = Debug|Any CPU
		{005169F1-A380-459A-B737-6520CE79BA58}.Debug|Any CPU.Build.0 = Debug|Any CPU
		{005169F1-A380-459A-B737-6520CE79BA58}.Release|Any CPU.ActiveCfg = Release|Any CPU
		{005169F1-A380-459A-B737-6520CE79BA58}.Release|Any CPU.Build.0 = Release|Any CPU
	EndGlobalSection
EndGlobal
